github.com/lixianmin/got v0.0.0-20200613011549-bd9679c86919 h1:v9UqRvuIlBgLOG5ZfS/8D0aKGemW+KsfG2Y7rdMhDak=
github.com/lixianmin/got v0.0.0-20200613011549-bd9679c86919/go.mod h1:yP0ZpItR/qgHBqJTIyMBLIUma92X4C3yocbFAGNLCpo=
github.com/pkg/errors v0.9.1 h1:FEBLx1zS214owpjy7qsBeixbURkuhQAwrK5UwLGTwt4=
github.com/pkg/errors v0.9.1/go.mod h1:bwawxfHBFNV+L2hUp1rHADufV3IMtnDRdf1r5NINEl0=
